
Microsoft Visual Studio Solution File, Format Version 12.00
# Visual Studio 2013
VisualStudioVersion = 12.0.31101.0
MinimumVisualStudioVersion = 10.0.40219.1
Project("{FAE04EC0-301F-11D3-BF4B-00C04F79EFBC}") = "BookLibrary.UI", "BookLibrary\BookLibrary.UI.csproj", "{5D435DD4-E8B2-41B3-B58E-7C4F851F5D16}"
EndProject
Project("{FAE04EC0-301F-11D3-BF4B-00C04F79EFBC}") = "BookLibrary.Data", "BookLibrary.Data\BookLibrary.Data.csproj", "{3A805210-2F3B-4FE4-9194-B1163D304DFB}"
EndProject
Project("{FAE04EC0-301F-11D3-BF4B-00C04F79EFBC}") = "BookLibrary.Model", "BookLibrary.Model\BookLibrary.Model.csproj", "{82DD8CE7-3B38-4B30-8715-AA07E7C9129A}"
EndProject
Project("{FAE04EC0-301F-11D3-BF4B-00C04F79EFBC}") = "BookLibrary.Service", "BookLibrary.Service\BookLibrary.Service.csproj", "{0B992690-8432-4729-AB16-E6A55BEF1342}"
EndProject
Global
	GlobalSection(SolutionConfigurationPlatforms) = preSolution
		Debug|Any CPU = Debug|Any CPU
		Release|Any CPU = Release|Any CPU
	EndGlobalSection
	GlobalSection(ProjectConfigurationPlatforms) = postSolution
		{5D435DD4-E8B2-41B3-B58E-7C4F851F5D16}.Debug|Any CPU.ActiveCfg = Debug|Any CPU
		{5D435DD4-E8B2-41B3-B58E-7C4F851F5D16}.Debug|Any CPU.Build.0 = Debug|Any CPU
		{5D435DD4-E8B2-41B3-B58E-7C4F851F5D16}.Release|Any CPU.ActiveCfg = Release|Any CPU
		{5D435DD4-E8B2-41B3-B58E-7C4F851F5D16}.Release|Any CPU.Build.0 = Release|Any CPU
		{3A805210-2F3B-4FE4-9194-B1163D304DFB}.Debug|Any CPU.ActiveCfg = Debug|Any CPU
		{3A805210-2F3B-4FE4-9194-B1163D304DFB}.Debug|Any CPU.Build.0 = Debug|Any CPU
		{3A805210-2F3B-4FE4-9194-B1163D304DFB}.Release|Any CPU.ActiveCfg = Release|Any CPU
		{3A805210-2F3B-4FE4-9194-B1163D304DFB}.Release|Any CPU.Build.0 = Release|Any CPU
		{82DD8CE7-3B38-4B30-8715-AA07E7C9129A}.Debug|Any CPU.ActiveCfg = Debug|Any CPU
		{82DD8CE7-3B38-4B30-8715-AA07E7C9129A}.Debug|Any CPU.Build.0 = Debug|Any CPU
		{82DD8CE7-3B38-4B30-8715-AA07E7C9129A}.Release|Any CPU.ActiveCfg = Release|Any CPU
		{82DD8CE7-3B38-4B30-8715-AA07E7C9129A}.Release|Any CPU.Build.0 = Release|Any CPU
		{0B992690-8432-4729-AB16-E6A55BEF1342}.Debug|Any CPU.ActiveCfg = Debug|Any CPU
		{0B992690-8432-4729-AB16-E6A55BEF1342}.Debug|Any CPU.Build.0 = Debug|Any CPU
		{0B992690-8432-4729-AB16-E6A55BEF1342}.Release|Any CPU.ActiveCfg = Release|Any CPU
		{0B992690-8432-4729-AB16-E6A55BEF1342}.Release|Any CPU.Build.0 = Release|Any CPU
	EndGlobalSection
	GlobalSection(SolutionProperties) = preSolution
		HideSolutionNode = FALSE
	EndGlobalSection
EndGlobal
